{
  "name": "1c-syntax",
  "version": "1.9.2",
  "lockfileVersion": 1,
  "requires": true,
  "dependencies": {
    "argparse": {
      "version": "1.0.10",
      "resolved": "https://registry.npmjs.org/argparse/-/argparse-1.0.10.tgz",
      "integrity": "sha512-o5Roy6tNG4SL/FOkCAN6RzjiakZS25RLYFrcMttJqbdd8BWrnA+fGz57iN5Pb06pvBGvl5gQ0B48dJlslXvoTg==",
      "requires": {
        "sprintf-js": "~1.0.2"
      }
    },
    "atom-grammar-test": {
      "version": "0.6.4",
      "resolved": "https://registry.npmjs.org/atom-grammar-test/-/atom-grammar-test-0.6.4.tgz",
      "integrity": "sha1-2KU1A9H+k5mX9Ji3SirDEARKfU4=",
      "requires": {
        "chevrotain": "^0.18.0",
        "escape-string-regexp": "^1.0.5"
      }
    },
    "balanced-match": {
      "version": "1.0.0",
      "resolved": "https://registry.npmjs.org/balanced-match/-/balanced-match-1.0.0.tgz",
      "integrity": "sha1-ibTRmasr7kneFk6gK4nORi1xt2c="
    },
    "base64-js": {
      "version": "1.3.0",
      "resolved": "https://registry.npmjs.org/base64-js/-/base64-js-1.3.0.tgz",
      "integrity": "sha512-ccav/yGvoa80BQDljCxsmmQ3Xvx60/UpBIij5QN21W3wBi/hhIC9OoO+KLpu9IJTS9j4DRVJ3aDDF9cMSoa2lw=="
    },
    "brace-expansion": {
      "version": "1.1.11",
      "resolved": "https://registry.npmjs.org/brace-expansion/-/brace-expansion-1.1.11.tgz",
      "integrity": "sha512-iCuPHDFgrHX7H2vEI/5xpz07zSHB00TpugqhmYtVmMO6518mCuRMoOYFldEBl0g187ufozdaHgWKcYFb61qGiA==",
      "requires": {
        "balanced-match": "^1.0.0",
        "concat-map": "0.0.1"
      }
    },
    "chevrotain": {
      "version": "0.18.0",
      "resolved": "https://registry.npmjs.org/chevrotain/-/chevrotain-0.18.0.tgz",
      "integrity": "sha1-sodxTjFZC64sXR4vYRZz7+xHnYA="
    },
    "coffeescript": {
      "version": "2.4.1",
      "resolved": "https://registry.npmjs.org/coffeescript/-/coffeescript-2.4.1.tgz",
      "integrity": "sha512-34GV1aHrsMpTaO3KfMJL40ZNuvKDR/g98THHnE9bQj8HjMaZvSrLik99WWqyMhRtbe8V5hpx5iLgdcSvM/S2wg=="
    },
    "concat-map": {
      "version": "0.0.1",
      "resolved": "https://registry.npmjs.org/concat-map/-/concat-map-0.0.1.tgz",
      "integrity": "sha1-2Klr13/Wjfd5OnMDajug1UBdR3s="
    },
    "cson": {
      "version": "6.4.0",
      "resolved": "https://registry.npmjs.org/cson/-/cson-6.4.0.tgz",
      "integrity": "sha512-SQKXH11dfsVhK6DtaNdapwkopO54hH9Xp4hPlorX5jlvwovKbKtEC1SjDcoiWdWTtYIDSuyU4MSKBlNvhhbNQg==",
      "requires": {
        "coffeescript": "^2.4.1",
        "cson-parser": "^4.0.3",
        "extract-opts": "^3.4.0",
        "requirefresh": "^2.3.0",
        "safefs": "5.1.0"
      }
    },
    "cson-parser": {
      "version": "4.0.3",
      "resolved": "https://registry.npmjs.org/cson-parser/-/cson-parser-4.0.3.tgz",
      "integrity": "sha512-XPTdQS67siTCJrbwYAWSzbPUKlqFUYa8NBWq0tniDDcKGmb43J7PDOZ8JP0oJVGW7KRg+goXff6EJzP3wowTPw==",
      "requires": {
        "coffeescript": "^1.10.0"
      },
      "dependencies": {
        "coffeescript": {
          "version": "1.12.7",
          "resolved": "https://registry.npmjs.org/coffeescript/-/coffeescript-1.12.7.tgz",
          "integrity": "sha512-pLXHFxQMPklVoEekowk8b3erNynC+DVJzChxS/LCBBgR6/8AJkHivkm//zbowcfc7BTCAjryuhx6gPqPRfsFoA=="
        }
      }
    },
    "eachr": {
      "version": "3.3.0",
      "resolved": "https://registry.npmjs.org/eachr/-/eachr-3.3.0.tgz",
      "integrity": "sha512-yKWuGwOE283CTgbEuvqXXusLH4VBXnY2nZbDkeWev+cpAXY6zCIADSPLdvfkAROc0t8S4l07U1fateCdEDuuvg==",
      "requires": {
        "editions": "^2.2.0",
        "typechecker": "^4.9.0"
      }
    },
    "editions": {
      "version": "2.2.0",
      "resolved": "https://registry.npmjs.org/editions/-/editions-2.2.0.tgz",
      "integrity": "sha512-RYg3iEA2BDLCNVe8PUkD+ox5vAKxB9XS/mAhx1bdxGCF0CpX077C0pyTA9t5D6idCYA3avl5/XDHKPsHFrygfw==",
      "requires": {
        "errlop": "^1.1.2",
        "semver": "^6.3.0"
      }
    },
    "errlop": {
      "version": "1.2.0",
      "resolved": "https://registry.npmjs.org/errlop/-/errlop-1.2.0.tgz",
      "integrity": "sha512-xlbC/1TA2kMaPYy0DtlL0sLyu6T5ZYpLNnOY5EtvDbHRnzUAipUqW1eKObQgwWbRDiudE2IJaxJAgw4fF39Lcw==",
      "requires": {
        "editions": "^2.2.0"
      }
    },
    "escape-string-regexp": {
      "version": "1.0.5",
      "resolved": "https://registry.npmjs.org/escape-string-regexp/-/escape-string-regexp-1.0.5.tgz",
      "integrity": "sha1-G2HAViGQqN/2rjuyzwIAyhMLhtQ="
    },
    "extract-opts": {
      "version": "3.4.0",
      "resolved": "https://registry.npmjs.org/extract-opts/-/extract-opts-3.4.0.tgz",
      "integrity": "sha512-M7Y+1cJDkzOWqvGH5F/V2qgkD6+uitW3NV9rQGl+pLSVuXZ4IDDQgxxMeLPKcWUyfypBWczIILiroSuhXG7Ytg==",
      "requires": {
        "eachr": "^3.2.0",
        "editions": "^2.2.0",
        "typechecker": "^4.9.0"
      }
    },
    "fs.realpath": {
      "version": "1.0.0",
      "resolved": "https://registry.npmjs.org/fs.realpath/-/fs.realpath-1.0.0.tgz",
      "integrity": "sha1-FQStJSMVjKpA20onh8sBQRmU6k8="
    },
    "glob": {
      "version": "7.1.2",
      "resolved": "https://registry.npmjs.org/glob/-/glob-7.1.2.tgz",
      "integrity": "sha512-MJTUg1kjuLeQCJ+ccE4Vpa6kKVXkPYJ2mOCQyUuKLcLQsdrMCpBPUi8qVE6+YuaJkozeA9NusTAw3hLr8Xe5EQ==",
      "requires": {
        "fs.realpath": "^1.0.0",
        "inflight": "^1.0.4",
        "inherits": "2",
        "minimatch": "^3.0.4",
        "once": "^1.3.0",
        "path-is-absolute": "^1.0.0"
      }
    },
    "graceful-fs": {
      "version": "4.2.3",
      "resolved": "https://registry.npmjs.org/graceful-fs/-/graceful-fs-4.2.3.tgz",
      "integrity": "sha512-a30VEBm4PEdx1dRB7MFK7BejejvCvBronbLjht+sHuGYj8PHs7M/5Z+rt5lw551vZ7yfTCj4Vuyy3mSJytDWRQ=="
    },
    "inflight": {
      "version": "1.0.6",
      "resolved": "https://registry.npmjs.org/inflight/-/inflight-1.0.6.tgz",
      "integrity": "sha1-Sb1jMdfQLQwJvJEKEHW6gWW1bfk=",
      "requires": {
        "once": "^1.3.0",
        "wrappy": "1"
      }
    },
    "inherits": {
      "version": "2.0.3",
      "resolved": "https://registry.npmjs.org/inherits/-/inherits-2.0.3.tgz",
      "integrity": "sha1-Yzwsg+PaQqUC9SRmAiSA9CCCYd4="
    },
    "minimatch": {
      "version": "3.0.4",
      "resolved": "https://registry.npmjs.org/minimatch/-/minimatch-3.0.4.tgz",
      "integrity": "sha512-yJHVQEhyqPLUTgt9B83PXu6W3rx4MvvHvSUvToogpwoGDOUQ+yDrR0HRot+yOCdCO7u4hX3pWft6kWBBcqh0UA==",
      "requires": {
        "brace-expansion": "^1.1.7"
      }
    },
    "once": {
      "version": "1.4.0",
      "resolved": "https://registry.npmjs.org/once/-/once-1.4.0.tgz",
      "integrity": "sha1-WDsap3WWHUsROsF9nFC6753Xa9E=",
      "requires": {
        "wrappy": "1"
      }
    },
    "path-is-absolute": {
      "version": "1.0.1",
      "resolved": "https://registry.npmjs.org/path-is-absolute/-/path-is-absolute-1.0.1.tgz",
      "integrity": "sha1-F0uSaHNVNP+8es5r9TpanhtcX18="
    },
    "plist": {
      "version": "3.0.1",
      "resolved": "https://registry.npmjs.org/plist/-/plist-3.0.1.tgz",
      "integrity": "sha512-GpgvHHocGRyQm74b6FWEZZVRroHKE1I0/BTjAmySaohK+cUn+hZpbqXkc3KWgW3gQYkqcQej35FohcT0FRlkRQ==",
      "requires": {
        "base64-js": "^1.2.3",
        "xmlbuilder": "^9.0.7",
        "xmldom": "0.1.x"
      }
    },
    "requirefresh": {
      "version": "2.3.0",
      "resolved": "https://registry.npmjs.org/requirefresh/-/requirefresh-2.3.0.tgz",
      "integrity": "sha512-oskKAg0pSlPnJAkFMrcqrHeCGzYunl4Hkl+N/NW3nnFWDHRg97yb475HtF5ax8LP9i8QvVkenVIhjNb+h+P7nA==",
      "requires": {
        "editions": "^2.2.0"
      }
    },
    "safefs": {
      "version": "5.1.0",
      "resolved": "https://registry.npmjs.org/safefs/-/safefs-5.1.0.tgz",
      "integrity": "sha512-NfKlkg5Y8xgDTubMmsaURMgHXI1xaLUop94fn5N5wfcIHJsz45IlJAzZUq0XvcHHKhrzGqTy7hgar56fxHKnWw==",
      "requires": {
        "graceful-fs": "^4.2.3"
      }
    },
    "semver": {
      "version": "6.3.0",
      "resolved": "https://registry.npmjs.org/semver/-/semver-6.3.0.tgz",
      "integrity": "sha512-b39TBaTSfV6yBrapU89p5fKekE2m/NwnDocOVruQFS1/veMgdzuPcnOM34M6CwxW8jH/lxEa5rBoDeUwu5HHTw=="
    },
    "sprintf-js": {
      "version": "1.0.3",
      "resolved": "https://registry.npmjs.org/sprintf-js/-/sprintf-js-1.0.3.tgz",
      "integrity": "sha1-BOaSb2YolTVPPdAVIDYzuFcpfiw="
    },
    "typechecker": {
      "version": "4.10.0",
      "resolved": "https://registry.npmjs.org/typechecker/-/typechecker-4.10.0.tgz",
      "integrity": "sha512-HI0okLe7UhvCxnatUFrW3ZI9dwGCPG91Ul/OgTQxgOnXhZuZRRrHP89tipJMLFOZ6P4/pPkrVVCEPR/wD6qhyQ==",
      "requires": {
        "editions": "^2.2.0"
      }
    },
    "wrappy": {
      "version": "1.0.2",
      "resolved": "https://registry.npmjs.org/wrappy/-/wrappy-1.0.2.tgz",
      "integrity": "sha1-tSQ9jz7BqjXxNkYFvA0QNuMKtp8="
    },
    "xmlbuilder": {
      "version": "9.0.7",
      "resolved": "https://registry.npmjs.org/xmlbuilder/-/xmlbuilder-9.0.7.tgz",
      "integrity": "sha1-Ey7mPS7FVlxVfiD0wi35rKaGsQ0="
    },
    "xmldom": {
      "version": "0.1.27",
      "resolved": "https://registry.npmjs.org/xmldom/-/xmldom-0.1.27.tgz",
      "integrity": "sha1-1QH5ezvbQDr4757MIFcxh6rawOk="
    },
    "yamljs": {
      "version": "0.3.0",
      "resolved": "https://registry.npmjs.org/yamljs/-/yamljs-0.3.0.tgz",
      "integrity": "sha512-C/FsVVhht4iPQYXOInoxUM/1ELSf9EsgKH34FofQOp6hwCPrW4vG4w5++TED3xRUo8gD7l0P1J1dLlDYzODsTQ==",
      "requires": {
        "argparse": "^1.0.7",
        "glob": "^7.0.5"
      }
    }
  }
}
